{
  "name": "rbx-datastore-light",
  "version": "1.0.0",
  "lockfileVersion": 1,
  "requires": true,
  "dependencies": {
    "rbx-services": {
      "version": "1.0.18",
      "resolved": "https://registry.npmjs.org/rbx-services/-/rbx-services-1.0.18.tgz",
      "integrity": "sha512-eLDvpyTXwMa6ptjBs17PVq8B1QsUVRlJ1gLPSkXAexzUAZY4Tqro6u0mMgVZYhWMbaxRfTpUcBGLfQl2ItwSCw=="
    },
    "rbx-types": {
      "version": "1.0.117",
      "resolved": "https://registry.npmjs.org/rbx-types/-/rbx-types-1.0.117.tgz",
      "integrity": "sha512-BNvVsq3X7vlQvftg9k3HoL0hf2GzwXZDKUU3GdUaKEZ2Wf5ruNyuSKx2Bvds5qFYT6cNLRFXeUN0RjskK5PhZA=="
    }
  }
}
