{
  "name": "rbx-datastore-light",
  "version": "1.1.0",
  "lockfileVersion": 1,
  "requires": true,
  "dependencies": {
    "rbx-services": {
      "version": "1.0.20",
      "resolved": "https://registry.npmjs.org/rbx-services/-/rbx-services-1.0.20.tgz",
      "integrity": "sha512-6Bg+jZ103UbZgXhftUVGjHki1Sl8QpG3srpk4cKbTh/+mXgpR48mDfrGOF1Kb1BJ/peM8T61XKcIF8uJoNGs7Q=="
    },
    "rbx-types": {
      "version": "1.0.137",
      "resolved": "https://registry.npmjs.org/rbx-types/-/rbx-types-1.0.137.tgz",
      "integrity": "sha512-qdf4HC0xZO97imPQWUzouavw+97cWM/N7PXnTu7/9OzF1Di8rNxNofD5XE4Kt2+ev6GEAQS72HvNGEgbOiXbqg=="
    }
  }
}
