{
  "name": "rbx-datastore-light",
  "version": "1.1.0",
  "lockfileVersion": 1,
  "requires": true,
  "dependencies": {
    "@rbxts/services": {
      "version": "1.0.4",
      "resolved": "https://registry.npmjs.org/@rbxts/services/-/services-1.0.4.tgz",
      "integrity": "sha512-lvTFr9soI6WQzZDuy1NIWaeI9YrnE0+pK+57MCcBoTcGDfg5EZMVgLGmpVDt0lUqD3UB7Yr++DtYOdPUFQqNGg=="
    },
    "@rbxts/types": {
      "version": "1.0.359",
      "resolved": "https://registry.npmjs.org/@rbxts/types/-/types-1.0.359.tgz",
      "integrity": "sha512-CSR5EnwmijdMxnkcbptuOu6Gtq82iSDS9bT4+I2nC6PN714CoutrNRtCx/jpDTQPUFiwh8aPv6+lP6mRutMflA=="
    }
  }
}
